
Microsoft Visual Studio Solution File, Format Version 12.00
# Visual Studio 15
VisualStudioVersion = 15.0.27130.2027
MinimumVisualStudioVersion = 10.0.40219.1
Project("{FAE04EC0-301F-11D3-BF4B-00C04F79EFBC}") = "LearnEnglish", "LearnEnglish\LearnEnglish.csproj", "{0CD71473-1AAD-4F59-BF5B-3933000C1382}"
EndProject
Global
	GlobalSection(SolutionConfigurationPlatforms) = preSolution
		Debug|Any CPU = Debug|Any CPU
		Release|Any CPU = Release|Any CPU
	EndGlobalSection
	GlobalSection(ProjectConfigurationPlatforms) = postSolution
		{0CD71473-1AAD-4F59-BF5B-3933000C1382}.Debug|Any CPU.ActiveCfg = Debug|Any CPU
		{0CD71473-1AAD-4F59-BF5B-3933000C1382}.Debug|Any CPU.Build.0 = Debug|Any CPU
		{0CD71473-1AAD-4F59-BF5B-3933000C1382}.Release|Any CPU.ActiveCfg = Release|Any CPU
		{0CD71473-1AAD-4F59-BF5B-3933000C1382}.Release|Any CPU.Build.0 = Release|Any CPU
	EndGlobalSection
	GlobalSection(SolutionProperties) = preSolution
		HideSolutionNode = FALSE
	EndGlobalSection
	GlobalSection(ExtensibilityGlobals) = postSolution
		SolutionGuid = {CBF3414B-C422-4A33-BF9D-CA9EBE8270EF}
	EndGlobalSection
EndGlobal
